
Microsoft Visual Studio Solution File, Format Version 12.00
# Visual Studio Version 16
VisualStudioVersion = 16.0.30907.101
MinimumVisualStudioVersion = 10.0.40219.1
Project("{FAE04EC0-301F-11D3-BF4B-00C04F79EFBC}") = "TheMovieStudio", "TheMovieStudio.csproj", "{94F2AB84-3BA0-41C2-9977-4F5F99231D28}"
EndProject
Global
	GlobalSection(SolutionConfigurationPlatforms) = preSolution
		Debug|Any CPU = Debug|Any CPU
		Release|Any CPU = Release|Any CPU
	EndGlobalSection
	GlobalSection(ProjectConfigurationPlatforms) = postSolution
		{94F2AB84-3BA0-41C2-9977-4F5F99231D28}.Debug|Any CPU.ActiveCfg = Debug|Any CPU
		{94F2AB84-3BA0-41C2-9977-4F5F99231D28}.Debug|Any CPU.Build.0 = Debug|Any CPU
		{94F2AB84-3BA0-41C2-9977-4F5F99231D28}.Release|Any CPU.ActiveCfg = Release|Any CPU
		{94F2AB84-3BA0-41C2-9977-4F5F99231D28}.Release|Any CPU.Build.0 = Release|Any CPU
	EndGlobalSection
	GlobalSection(SolutionProperties) = preSolution
		HideSolutionNode = FALSE
	EndGlobalSection
	GlobalSection(ExtensibilityGlobals) = postSolution
		SolutionGuid = {26FDEC8C-49BA-4EC5-9C81-E06CE77BD431}
	EndGlobalSection
EndGlobal
